
Microsoft Visual Studio Solution File, Format Version 12.00
# Visual Studio Version 16
VisualStudioVersion = 16.0.31321.278
MinimumVisualStudioVersion = 10.0.40219.1
Project("{FAE04EC0-301F-11D3-BF4B-00C04F79EFBC}") = "Donnatello", "Donnatello.csproj", "{7302C9D2-3ED3-4C60-92DE-8F96CEBF7291}"
EndProject
Global
	GlobalSection(SolutionConfigurationPlatforms) = preSolution
		Debug|Any CPU = Debug|Any CPU
		Release|Any CPU = Release|Any CPU
	EndGlobalSection
	GlobalSection(ProjectConfigurationPlatforms) = postSolution
		{7302C9D2-3ED3-4C60-92DE-8F96CEBF7291}.Debug|Any CPU.ActiveCfg = Debug|Any CPU
		{7302C9D2-3ED3-4C60-92DE-8F96CEBF7291}.Debug|Any CPU.Build.0 = Debug|Any CPU
		{7302C9D2-3ED3-4C60-92DE-8F96CEBF7291}.Release|Any CPU.ActiveCfg = Release|Any CPU
		{7302C9D2-3ED3-4C60-92DE-8F96CEBF7291}.Release|Any CPU.Build.0 = Release|Any CPU
	EndGlobalSection
	GlobalSection(SolutionProperties) = preSolution
		HideSolutionNode = FALSE
	EndGlobalSection
	GlobalSection(ExtensibilityGlobals) = postSolution
		SolutionGuid = {F20DC2BE-7172-4AD1-9C1B-E8AC21BB969C}
	EndGlobalSection
EndGlobal
